
Microsoft Visual Studio Solution File, Format Version 12.00
# Visual Studio 15
VisualStudioVersion = 15.0.27703.2047
MinimumVisualStudioVersion = 10.0.40219.1
Project("{FAE04EC0-301F-11D3-BF4B-00C04F79EFBC}") = "LocaMat.Application", "LocaMat\LocaMat.Application.csproj", "{49C0EAFE-0B1D-4B99-AC8D-3F8F6E52BAE5}"
EndProject
Project("{FAE04EC0-301F-11D3-BF4B-00C04F79EFBC}") = "LocaMat.Business", "LocaLMat.Business\LocaMat.Business.csproj", "{D437BFDB-98EA-4CF2-8093-EF3A00BE1ED4}"
EndProject
Project("{FAE04EC0-301F-11D3-BF4B-00C04F79EFBC}") = "LocaMat.DAL", "LocaMat.DAL\LocaMat.DAL.csproj", "{A81325F2-F4E8-4630-B0B6-02D620F02E9A}"
EndProject
Global
	GlobalSection(SolutionConfigurationPlatforms) = preSolution
		Debug|Any CPU = Debug|Any CPU
		Release|Any CPU = Release|Any CPU
	EndGlobalSection
	GlobalSection(ProjectConfigurationPlatforms) = postSolution
		{49C0EAFE-0B1D-4B99-AC8D-3F8F6E52BAE5}.Debug|Any CPU.ActiveCfg = Debug|Any CPU
		{49C0EAFE-0B1D-4B99-AC8D-3F8F6E52BAE5}.Debug|Any CPU.Build.0 = Debug|Any CPU
		{49C0EAFE-0B1D-4B99-AC8D-3F8F6E52BAE5}.Release|Any CPU.ActiveCfg = Release|Any CPU
		{49C0EAFE-0B1D-4B99-AC8D-3F8F6E52BAE5}.Release|Any CPU.Build.0 = Release|Any CPU
		{D437BFDB-98EA-4CF2-8093-EF3A00BE1ED4}.Debug|Any CPU.ActiveCfg = Debug|Any CPU
		{D437BFDB-98EA-4CF2-8093-EF3A00BE1ED4}.Debug|Any CPU.Build.0 = Debug|Any CPU
		{D437BFDB-98EA-4CF2-8093-EF3A00BE1ED4}.Release|Any CPU.ActiveCfg = Release|Any CPU
		{D437BFDB-98EA-4CF2-8093-EF3A00BE1ED4}.Release|Any CPU.Build.0 = Release|Any CPU
		{A81325F2-F4E8-4630-B0B6-02D620F02E9A}.Debug|Any CPU.ActiveCfg = Debug|Any CPU
		{A81325F2-F4E8-4630-B0B6-02D620F02E9A}.Debug|Any CPU.Build.0 = Debug|Any CPU
		{A81325F2-F4E8-4630-B0B6-02D620F02E9A}.Release|Any CPU.ActiveCfg = Release|Any CPU
		{A81325F2-F4E8-4630-B0B6-02D620F02E9A}.Release|Any CPU.Build.0 = Release|Any CPU
	EndGlobalSection
	GlobalSection(SolutionProperties) = preSolution
		HideSolutionNode = FALSE
	EndGlobalSection
	GlobalSection(ExtensibilityGlobals) = postSolution
		SolutionGuid = {CB2D2ECF-67AB-43DF-A6BD-6D177B81328A}
	EndGlobalSection
EndGlobal
